github.com/f3peakcity/beautifulhugo v0.0.10 h1:C7k7GxE8ssGOmUqvLzwyMnUPpGXw7vlOPkcS27BXaKA=
github.com/f3peakcity/beautifulhugo v0.0.10/go.mod h1:D52a2RuIcYQ99NRxBHad7h1rbtz1euAMnO8WrX93+FY=
github.com/f3peakcity/beautifulhugo v0.0.11 h1:22yf9oudARHgfYexKD7fW33B6kB8l351T4xBvHA87gQ=
github.com/f3peakcity/beautifulhugo v0.0.11/go.mod h1:D52a2RuIcYQ99NRxBHad7h1rbtz1euAMnO8WrX93+FY=
github.com/f3peakcity/beautifulhugo v0.0.12 h1:pgfUHgc+0DgAue49S8TY0ICEJxiK53SsNvpZGxcANUQ=
github.com/f3peakcity/beautifulhugo v0.0.12/go.mod h1:D52a2RuIcYQ99NRxBHad7h1rbtz1euAMnO8WrX93+FY=
