github.com/f3peakcity/beautifulhugo v0.0.0-20221114000006-1c80a0f04a16 h1:4q5r4x5TJelgEn/7MZ2kzOeJDR16NDSyhMPgVhyiWco=
github.com/f3peakcity/beautifulhugo v0.0.0-20221114000006-1c80a0f04a16/go.mod h1:D52a2RuIcYQ99NRxBHad7h1rbtz1euAMnO8WrX93+FY=
github.com/f3peakcity/beautifulhugo v0.0.1 h1:ul83Ogcz+I9pWww/ulCHuaAS7YazmYun0qYhLFTmsTc=
github.com/f3peakcity/beautifulhugo v0.0.1/go.mod h1:D52a2RuIcYQ99NRxBHad7h1rbtz1euAMnO8WrX93+FY=
